// !$*UTF8*$!
{
	archiveVersion = 1;
	classes = {
	};
	objectVersion = 46;
	objects = {

/* Begin PBXBuildFile section */
		F6D986C819CCAF2000D4E306 /* Foundation.framework in Frameworks */ = {isa = PBXBuildFile; fileRef = F6D986C719CCAF2000D4E306 /* Foundation.framework */; };
		F6D986CA19CCAF2000D4E306 /* CoreGraphics.framework in Frameworks */ = {isa = PBXBuildFile; fileRef = F6D986C919CCAF2000D4E306 /* CoreGraphics.framework */; };
		F6D986CC19CCAF2000D4E306 /* UIKit.framework in Frameworks */ = {isa = PBXBuildFile; fileRef = F6D986CB19CCAF2000D4E306 /* UIKit.framework */; };
		F6D986D219CCAF2000D4E306 /* InfoPlist.strings in Resources */ = {isa = PBXBuildFile; fileRef = F6D986D019CCAF2000D4E306 /* InfoPlist.strings */; };
		F6D986D419CCAF2000D4E306 /* main.m in Sources */ = {isa = PBXBuildFile; fileRef = F6D986D319CCAF2000D4E306 /* main.m */; };
		F6D986D819CCAF2000D4E306 /* HHSLAppDelegate.m in Sources */ = {isa = PBXBuildFile; fileRef = F6D986D719CCAF2000D4E306 /* HHSLAppDelegate.m */; };
		F6D986DB19CCAF2000D4E306 /* Main.storyboard in Resources */ = {isa = PBXBuildFile; fileRef = F6D986D919CCAF2000D4E306 /* Main.storyboard */; };
		F6D986DE19CCAF2000D4E306 /* HHSLViewController.m in Sources */ = {isa = PBXBuildFile; fileRef = F6D986DD19CCAF2000D4E306 /* HHSLViewController.m */; };
		F6D986E019CCAF2000D4E306 /* Images.xcassets in Resources */ = {isa = PBXBuildFile; fileRef = F6D986DF19CCAF2000D4E306 /* Images.xcassets */; };
		F6D986E719CCAF2000D4E306 /* XCTest.framework in Frameworks */ = {isa = PBXBuildFile; fileRef = F6D986E619CCAF2000D4E306 /* XCTest.framework */; };
		F6D986E819CCAF2000D4E306 /* Foundation.framework in Frameworks */ = {isa = PBXBuildFile; fileRef = F6D986C719CCAF2000D4E306 /* Foundation.framework */; };
		F6D986E919CCAF2000D4E306 /* UIKit.framework in Frameworks */ = {isa = PBXBuildFile; fileRef = F6D986CB19CCAF2000D4E306 /* UIKit.framework */; };
		F6D986F119CCAF2000D4E306 /* InfoPlist.strings in Resources */ = {isa = PBXBuildFile; fileRef = F6D986EF19CCAF2000D4E306 /* InfoPlist.strings */; };
		F6D986F319CCAF2000D4E306 /* unitTestDemoTests.m in Sources */ = {isa = PBXBuildFile; fileRef = F6D986F219CCAF2000D4E306 /* unitTestDemoTests.m */; };
		F6D986FE19CCAF5400D4E306 /* HHSLModel.m in Sources */ = {isa = PBXBuildFile; fileRef = F6D986FD19CCAF5400D4E306 /* HHSLModel.m */; };
/* End PBXBuildFile section */

/* Begin PBXContainerItemProxy section */
		F6D986EA19CCAF2000D4E306 /* PBXContainerItemProxy */ = {
			isa = PBXContainerItemProxy;
			containerPortal = F6D986BC19CCAF2000D4E306 /* Project object */;
			proxyType = 1;
			remoteGlobalIDString = F6D986C319CCAF2000D4E306;
			remoteInfo = unitTestDemo;
		};
/* End PBXContainerItemProxy section */

/* Begin PBXFileReference section */
		F6D986C419CCAF2000D4E306 /* unitTestDemo.app */ = {isa = PBXFileReference; explicitFileType = wrapper.application; includeInIndex = 0; path = unitTestDemo.app; sourceTree = BUILT_PRODUCTS_DIR; };
		F6D986C719CCAF2000D4E306 /* Foundation.framework */ = {isa = PBXFileReference; lastKnownFileType = wrapper.framework; name = Foundation.framework; path = System/Library/Frameworks/Foundation.framework; sourceTree = SDKROOT; };
		F6D986C919CCAF2000D4E306 /* CoreGraphics.framework */ = {isa = PBXFileReference; lastKnownFileType = wrapper.framework; name = CoreGraphics.framework; path = System/Library/Frameworks/CoreGraphics.framework; sourceTree = SDKROOT; };
		F6D986CB19CCAF2000D4E306 /* UIKit.framework */ = {isa = PBXFileReference; lastKnownFileType = wrapper.framework; name = UIKit.framework; path = System/Library/Frameworks/UIKit.framework; sourceTree = SDKROOT; };
		F6D986CF19CCAF2000D4E306 /* unitTestDemo-Info.plist */ = {isa = PBXFileReference; lastKnownFileType = text.plist.xml; path = "unitTestDemo-Info.plist"; sourceTree = "<group>"; };
		F6D986D119CCAF2000D4E306 /* en */ = {isa = PBXFileReference; lastKnownFileType = text.plist.strings; name = en; path = en.lproj/InfoPlist.strings; sourceTree = "<group>"; };
		F6D986D319CCAF2000D4E306 /* main.m */ = {isa = PBXFileReference; lastKnownFileType = sourcecode.c.objc; path = main.m; sourceTree = "<group>"; };
		F6D986D519CCAF2000D4E306 /* unitTestDemo-Prefix.pch */ = {isa = PBXFileReference; lastKnownFileType = sourcecode.c.h; path = "unitTestDemo-Prefix.pch"; sourceTree = "<group>"; };
		F6D986D619CCAF2000D4E306 /* HHSLAppDelegate.h */ = {isa = PBXFileReference; lastKnownFileType = sourcecode.c.h; path = HHSLAppDelegate.h; sourceTree = "<group>"; };
		F6D986D719CCAF2000D4E306 /* HHSLAppDelegate.m */ = {isa = PBXFileReference; lastKnownFileType = sourcecode.c.objc; path = HHSLAppDelegate.m; sourceTree = "<group>"; };
		F6D986DA19CCAF2000D4E306 /* Base */ = {isa = PBXFileReference; lastKnownFileType = file.storyboard; name = Base; path = Base.lproj/Main.storyboard; sourceTree = "<group>"; };
		F6D986DC19CCAF2000D4E306 /* HHSLViewController.h */ = {isa = PBXFileReference; lastKnownFileType = sourcecode.c.h; path = HHSLViewController.h; sourceTree = "<group>"; };
		F6D986DD19CCAF2000D4E306 /* HHSLViewController.m */ = {isa = PBXFileReference; lastKnownFileType = sourcecode.c.objc; path = HHSLViewController.m; sourceTree = "<group>"; };
		F6D986DF19CCAF2000D4E306 /* Images.xcassets */ = {isa = PBXFileReference; lastKnownFileType = folder.assetcatalog; path = Images.xcassets; sourceTree = "<group>"; };
		F6D986E519CCAF2000D4E306 /* unitTestDemoTests.xctest */ = {isa = PBXFileReference; explicitFileType = wrapper.cfbundle; includeInIndex = 0; path = unitTestDemoTests.xctest; sourceTree = BUILT_PRODUCTS_DIR; };
		F6D986E619CCAF2000D4E306 /* XCTest.framework */ = {isa = PBXFileReference; lastKnownFileType = wrapper.framework; name = XCTest.framework; path = Library/Frameworks/XCTest.framework; sourceTree = DEVELOPER_DIR; };
		F6D986EE19CCAF2000D4E306 /* unitTestDemoTests-Info.plist */ = {isa = PBXFileReference; lastKnownFileType = text.plist.xml; path = "unitTestDemoTests-Info.plist"; sourceTree = "<group>"; };
		F6D986F019CCAF2000D4E306 /* en */ = {isa = PBXFileReference; lastKnownFileType = text.plist.strings; name = en; path = en.lproj/InfoPlist.strings; sourceTree = "<group>"; };
		F6D986F219CCAF2000D4E306 /* unitTestDemoTests.m */ = {isa = PBXFileReference; lastKnownFileType = sourcecode.c.objc; path = unitTestDemoTests.m; sourceTree = "<group>"; };
		F6D986FC19CCAF5400D4E306 /* HHSLModel.h */ = {isa = PBXFileReference; fileEncoding = 4; lastKnownFileType = sourcecode.c.h; path = HHSLModel.h; sourceTree = "<group>"; };
		F6D986FD19CCAF5400D4E306 /* HHSLModel.m */ = {isa = PBXFileReference; fileEncoding = 4; lastKnownFileType = sourcecode.c.objc; path = HHSLModel.m; sourceTree = "<group>"; };
/* End PBXFileReference section */

/* Begin PBXFrameworksBuildPhase section */
		F6D986C119CCAF2000D4E306 /* Frameworks */ = {
			isa = PBXFrameworksBuildPhase;
			buildActionMask = 2147483647;
			files = (
				F6D986CA19CCAF2000D4E306 /* CoreGraphics.framework in Frameworks */,
				F6D986CC19CCAF2000D4E306 /* UIKit.framework in Frameworks */,
				F6D986C819CCAF2000D4E306 /* Foundation.framework in Frameworks */,
			);
			runOnlyForDeploymentPostprocessing = 0;
		};
		F6D986E219CCAF2000D4E306 /* Frameworks */ = {
			isa = PBXFrameworksBuildPhase;
			buildActionMask = 2147483647;
			files = (
				F6D986E719CCAF2000D4E306 /* XCTest.framework in Frameworks */,
				F6D986E919CCAF2000D4E306 /* UIKit.framework in Frameworks */,
				F6D986E819CCAF2000D4E306 /* Foundation.framework in Frameworks */,
			);
			runOnlyForDeploymentPostprocessing = 0;
		};
/* End PBXFrameworksBuildPhase section */

/* Begin PBXGroup section */
		F6D986BB19CCAF2000D4E306 = {
			isa = PBXGroup;
			children = (
				F6D986CD19CCAF2000D4E306 /* unitTestDemo */,
				F6D986EC19CCAF2000D4E306 /* unitTestDemoTests */,
				F6D986C619CCAF2000D4E306 /* Frameworks */,
				F6D986C519CCAF2000D4E306 /* Products */,
			);
			sourceTree = "<group>";
		};
		F6D986C519CCAF2000D4E306 /* Products */ = {
			isa = PBXGroup;
			children = (
				F6D986C419CCAF2000D4E306 /* unitTestDemo.app */,
				F6D986E519CCAF2000D4E306 /* unitTestDemoTests.xctest */,
			);
			name = Products;
			sourceTree = "<group>";
		};
		F6D986C619CCAF2000D4E306 /* Frameworks */ = {
			isa = PBXGroup;
			children = (
				F6D986C719CCAF2000D4E306 /* Foundation.framework */,
				F6D986C919CCAF2000D4E306 /* CoreGraphics.framework */,
				F6D986CB19CCAF2000D4E306 /* UIKit.framework */,
				F6D986E619CCAF2000D4E306 /* XCTest.framework */,
			);
			name = Frameworks;
			sourceTree = "<group>";
		};
		F6D986CD19CCAF2000D4E306 /* unitTestDemo */ = {
			isa = PBXGroup;
			children = (
				F6D986D619CCAF2000D4E306 /* HHSLAppDelegate.h */,
				F6D986D719CCAF2000D4E306 /* HHSLAppDelegate.m */,
				F6D986D919CCAF2000D4E306 /* Main.storyboard */,
				F6D986DC19CCAF2000D4E306 /* HHSLViewController.h */,
				F6D986DD19CCAF2000D4E306 /* HHSLViewController.m */,
				F6D986DF19CCAF2000D4E306 /* Images.xcassets */,
				F6D986CE19CCAF2000D4E306 /* Supporting Files */,
				F6D986FC19CCAF5400D4E306 /* HHSLModel.h */,
				F6D986FD19CCAF5400D4E306 /* HHSLModel.m */,
			);
			path = unitTestDemo;
			sourceTree = "<group>";
		};
		F6D986CE19CCAF2000D4E306 /* Supporting Files */ = {
			isa = PBXGroup;
			children = (
				F6D986CF19CCAF2000D4E306 /* unitTestDemo-Info.plist */,
				F6D986D019CCAF2000D4E306 /* InfoPlist.strings */,
				F6D986D319CCAF2000D4E306 /* main.m */,
				F6D986D519CCAF2000D4E306 /* unitTestDemo-Prefix.pch */,
			);
			name = "Supporting Files";
			sourceTree = "<group>";
		};
		F6D986EC19CCAF2000D4E306 /* unitTestDemoTests */ = {
			isa = PBXGroup;
			children = (
				F6D986F219CCAF2000D4E306 /* unitTestDemoTests.m */,
				F6D986ED19CCAF2000D4E306 /* Supporting Files */,
			);
			path = unitTestDemoTests;
			sourceTree = "<group>";
		};
		F6D986ED19CCAF2000D4E306 /* Supporting Files */ = {
			isa = PBXGroup;
			children = (
				F6D986EE19CCAF2000D4E306 /* unitTestDemoTests-Info.plist */,
				F6D986EF19CCAF2000D4E306 /* InfoPlist.strings */,
			);
			name = "Supporting Files";
			sourceTree = "<group>";
		};
/* End PBXGroup section */

/* Begin PBXNativeTarget section */
		F6D986C319CCAF2000D4E306 /* unitTestDemo */ = {
			isa = PBXNativeTarget;
			buildConfigurationList = F6D986F619CCAF2000D4E306 /* Build configuration list for PBXNativeTarget "unitTestDemo" */;
			buildPhases = (
				F6D986C019CCAF2000D4E306 /* Sources */,
				F6D986C119CCAF2000D4E306 /* Frameworks */,
				F6D986C219CCAF2000D4E306 /* Resources */,
			);
			buildRules = (
			);
			dependencies = (
			);
			name = unitTestDemo;
			productName = unitTestDemo;
			productReference = F6D986C419CCAF2000D4E306 /* unitTestDemo.app */;
			productType = "com.apple.product-type.application";
		};
		F6D986E419CCAF2000D4E306 /* unitTestDemoTests */ = {
			isa = PBXNativeTarget;
			buildConfigurationList = F6D986F919CCAF2000D4E306 /* Build configuration list for PBXNativeTarget "unitTestDemoTests" */;
			buildPhases = (
				F6D986E119CCAF2000D4E306 /* Sources */,
				F6D986E219CCAF2000D4E306 /* Frameworks */,
				F6D986E319CCAF2000D4E306 /* Resources */,
			);
			buildRules = (
			);
			dependencies = (
				F6D986EB19CCAF2000D4E306 /* PBXTargetDependency */,
			);
			name = unitTestDemoTests;
			productName = unitTestDemoTests;
			productReference = F6D986E519CCAF2000D4E306 /* unitTestDemoTests.xctest */;
			productType = "com.apple.product-type.bundle.unit-test";
		};
/* End PBXNativeTarget section */

/* Begin PBXProject section */
		F6D986BC19CCAF2000D4E306 /* Project object */ = {
			isa = PBXProject;
			attributes = {
				CLASSPREFIX = HHSL;
				LastUpgradeCheck = 0510;
				ORGANIZATIONNAME = "Hugo Ho and Shannon Lin";
				TargetAttributes = {
					F6D986E419CCAF2000D4E306 = {
						TestTargetID = F6D986C319CCAF2000D4E306;
					};
				};
			};
			buildConfigurationList = F6D986BF19CCAF2000D4E306 /* Build configuration list for PBXProject "unitTestDemo" */;
			compatibilityVersion = "Xcode 3.2";
			developmentRegion = English;
			hasScannedForEncodings = 0;
			knownRegions = (
				en,
				Base,
			);
			mainGroup = F6D986BB19CCAF2000D4E306;
			productRefGroup = F6D986C519CCAF2000D4E306 /* Products */;
			projectDirPath = "";
			projectRoot = "";
			targets = (
				F6D986C319CCAF2000D4E306 /* unitTestDemo */,
				F6D986E419CCAF2000D4E306 /* unitTestDemoTests */,
			);
		};
/* End PBXProject section */

/* Begin PBXResourcesBuildPhase section */
		F6D986C219CCAF2000D4E306 /* Resources */ = {
			isa = PBXResourcesBuildPhase;
			buildActionMask = 2147483647;
			files = (
				F6D986E019CCAF2000D4E306 /* Images.xcassets in Resources */,
				F6D986D219CCAF2000D4E306 /* InfoPlist.strings in Resources */,
				F6D986DB19CCAF2000D4E306 /* Main.storyboard in Resources */,
			);
			runOnlyForDeploymentPostprocessing = 0;
		};
		F6D986E319CCAF2000D4E306 /* Resources */ = {
			isa = PBXResourcesBuildPhase;
			buildActionMask = 2147483647;
			files = (
				F6D986F119CCAF2000D4E306 /* InfoPlist.strings in Resources */,
			);
			runOnlyForDeploymentPostprocessing = 0;
		};
/* End PBXResourcesBuildPhase section */

/* Begin PBXSourcesBuildPhase section */
		F6D986C019CCAF2000D4E306 /* Sources */ = {
			isa = PBXSourcesBuildPhase;
			buildActionMask = 2147483647;
			files = (
				F6D986D419CCAF2000D4E306 /* main.m in Sources */,
				F6D986DE19CCAF2000D4E306 /* HHSLViewController.m in Sources */,
				F6D986FE19CCAF5400D4E306 /* HHSLModel.m in Sources */,
				F6D986D819CCAF2000D4E306 /* HHSLAppDelegate.m in Sources */,
			);
			runOnlyForDeploymentPostprocessing = 0;
		};
		F6D986E119CCAF2000D4E306 /* Sources */ = {
			isa = PBXSourcesBuildPhase;
			buildActionMask = 2147483647;
			files = (
				F6D986F319CCAF2000D4E306 /* unitTestDemoTests.m in Sources */,
			);
			runOnlyForDeploymentPostprocessing = 0;
		};
/* End PBXSourcesBuildPhase section */

/* Begin PBXTargetDependency section */
		F6D986EB19CCAF2000D4E306 /* PBXTargetDependency */ = {
			isa = PBXTargetDependency;
			target = F6D986C319CCAF2000D4E306 /* unitTestDemo */;
			targetProxy = F6D986EA19CCAF2000D4E306 /* PBXContainerItemProxy */;
		};
/* End PBXTargetDependency section */

/* Begin PBXVariantGroup section */
		F6D986D019CCAF2000D4E306 /* InfoPlist.strings */ = {
			isa = PBXVariantGroup;
			children = (
				F6D986D119CCAF2000D4E306 /* en */,
			);
			name = InfoPlist.strings;
			sourceTree = "<group>";
		};
		F6D986D919CCAF2000D4E306 /* Main.storyboard */ = {
			isa = PBXVariantGroup;
			children = (
				F6D986DA19CCAF2000D4E306 /* Base */,
			);
			name = Main.storyboard;
			sourceTree = "<group>";
		};
		F6D986EF19CCAF2000D4E306 /* InfoPlist.strings */ = {
			isa = PBXVariantGroup;
			children = (
				F6D986F019CCAF2000D4E306 /* en */,
			);
			name = InfoPlist.strings;
			sourceTree = "<group>";
		};
/* End PBXVariantGroup section */

/* Begin XCBuildConfiguration section */
		F6D986F419CCAF2000D4E306 /* Debug */ = {
			isa = XCBuildConfiguration;
			buildSettings = {
				ALWAYS_SEARCH_USER_PATHS = NO;
				CLANG_CXX_LANGUAGE_STANDARD = "gnu++0x";
				CLANG_CXX_LIBRARY = "libc++";
				CLANG_ENABLE_MODULES = YES;
				CLANG_ENABLE_OBJC_ARC = YES;
				CLANG_WARN_BOOL_CONVERSION = YES;
				CLANG_WARN_CONSTANT_CONVERSION = YES;
				CLANG_WARN_DIRECT_OBJC_ISA_USAGE = YES_ERROR;
				CLANG_WARN_EMPTY_BODY = YES;
				CLANG_WARN_ENUM_CONVERSION = YES;
				CLANG_WARN_INT_CONVERSION = YES;
				CLANG_WARN_OBJC_ROOT_CLASS = YES_ERROR;
				CLANG_WARN__DUPLICATE_METHOD_MATCH = YES;
				"CODE_SIGN_IDENTITY[sdk=iphoneos*]" = "iPhone Developer";
				COPY_PHASE_STRIP = NO;
				GCC_C_LANGUAGE_STANDARD = gnu99;
				GCC_DYNAMIC_NO_PIC = NO;
				GCC_OPTIMIZATION_LEVEL = 0;
				GCC_PREPROCESSOR_DEFINITIONS = (
					"DEBUG=1",
					"$(inherited)",
				);
				GCC_SYMBOLS_PRIVATE_EXTERN = NO;
				GCC_WARN_64_TO_32_BIT_CONVERSION = YES;
				GCC_WARN_ABOUT_RETURN_TYPE = YES_ERROR;
				GCC_WARN_UNDECLARED_SELECTOR = YES;
				GCC_WARN_UNINITIALIZED_AUTOS = YES_AGGRESSIVE;
				GCC_WARN_UNUSED_FUNCTION = YES;
				GCC_WARN_UNUSED_VARIABLE = YES;
				IPHONEOS_DEPLOYMENT_TARGET = 7.1;
				ONLY_ACTIVE_ARCH = YES;
				SDKROOT = iphoneos;
				TARGETED_DEVICE_FAMILY = 2;
			};
			name = Debug;
		};
		F6D986F519CCAF2000D4E306 /* Release */ = {
			isa = XCBuildConfiguration;
			buildSettings = {
				ALWAYS_SEARCH_USER_PATHS = NO;
				CLANG_CXX_LANGUAGE_STANDARD = "gnu++0x";
				CLANG_CXX_LIBRARY = "libc++";
				CLANG_ENABLE_MODULES = YES;
				CLANG_ENABLE_OBJC_ARC = YES;
				CLANG_WARN_BOOL_CONVERSION = YES;
				CLANG_WARN_CONSTANT_CONVERSION = YES;
				CLANG_WARN_DIRECT_OBJC_ISA_USAGE = YES_ERROR;
				CLANG_WARN_EMPTY_BODY = YES;
				CLANG_WARN_ENUM_CONVERSION = YES;
				CLANG_WARN_INT_CONVERSION = YES;
				CLANG_WARN_OBJC_ROOT_CLASS = YES_ERROR;
				CLANG_WARN__DUPLICATE_METHOD_MATCH = YES;
				"CODE_SIGN_IDENTITY[sdk=iphoneos*]" = "iPhone Developer";
				COPY_PHASE_STRIP = YES;
				ENABLE_NS_ASSERTIONS = NO;
				GCC_C_LANGUAGE_STANDARD = gnu99;
				GCC_WARN_64_TO_32_BIT_CONVERSION = YES;
				GCC_WARN_ABOUT_RETURN_TYPE = YES_ERROR;
				GCC_WARN_UNDECLARED_SELECTOR = YES;
				GCC_WARN_UNINITIALIZED_AUTOS = YES_AGGRESSIVE;
				GCC_WARN_UNUSED_FUNCTION = YES;
				GCC_WARN_UNUSED_VARIABLE = YES;
				IPHONEOS_DEPLOYMENT_TARGET = 7.1;
				SDKROOT = iphoneos;
				TARGETED_DEVICE_FAMILY = 2;
				VALIDATE_PRODUCT = YES;
			};
			name = Release;
		};
		F6D986F719CCAF2000D4E306 /* Debug */ = {
			isa = XCBuildConfiguration;
			buildSettings = {
				ASSETCATALOG_COMPILER_APPICON_NAME = AppIcon;
				ASSETCATALOG_COMPILER_LAUNCHIMAGE_NAME = LaunchImage;
				GCC_PRECOMPILE_PREFIX_HEADER = YES;
				GCC_PREFIX_HEADER = "unitTestDemo/unitTestDemo-Prefix.pch";
				INFOPLIST_FILE = "unitTestDemo/unitTestDemo-Info.plist";
				PRODUCT_NAME = "$(TARGET_NAME)";
				WRAPPER_EXTENSION = app;
			};
			name = Debug;
		};
		F6D986F819CCAF2000D4E306 /* Release */ = {
			isa = XCBuildConfiguration;
			buildSettings = {
				ASSETCATALOG_COMPILER_APPICON_NAME = AppIcon;
				ASSETCATALOG_COMPILER_LAUNCHIMAGE_NAME = LaunchImage;
				GCC_PRECOMPILE_PREFIX_HEADER = YES;
				GCC_PREFIX_HEADER = "unitTestDemo/unitTestDemo-Prefix.pch";
				INFOPLIST_FILE = "unitTestDemo/unitTestDemo-Info.plist";
				PRODUCT_NAME = "$(TARGET_NAME)";
				WRAPPER_EXTENSION = app;
			};
			name = Release;
		};
		F6D986FA19CCAF2000D4E306 /* Debug */ = {
			isa = XCBuildConfiguration;
			buildSettings = {
				BUNDLE_LOADER = "$(BUILT_PRODUCTS_DIR)/unitTestDemo.app/unitTestDemo";
				FRAMEWORK_SEARCH_PATHS = (
					"$(SDKROOT)/Developer/Library/Frameworks",
					"$(inherited)",
					"$(DEVELOPER_FRAMEWORKS_DIR)",
				);
				GCC_PRECOMPILE_PREFIX_HEADER = YES;
				GCC_PREFIX_HEADER = "unitTestDemo/unitTestDemo-Prefix.pch";
				GCC_PREPROCESSOR_DEFINITIONS = (
					"DEBUG=1",
					"$(inherited)",
				);
				INFOPLIST_FILE = "unitTestDemoTests/unitTestDemoTests-Info.plist";
				PRODUCT_NAME = "$(TARGET_NAME)";
				TEST_HOST = "$(BUNDLE_LOADER)";
				WRAPPER_EXTENSION = xctest;
			};
			name = Debug;
		};
		F6D986FB19CCAF2000D4E306 /* Release */ = {
			isa = XCBuildConfiguration;
			buildSettings = {
				BUNDLE_LOADER = "$(BUILT_PRODUCTS_DIR)/unitTestDemo.app/unitTestDemo";
				FRAMEWORK_SEARCH_PATHS = (
					"$(SDKROOT)/Developer/Library/Frameworks",
					"$(inherited)",
					"$(DEVELOPER_FRAMEWORKS_DIR)",
				);
				GCC_PRECOMPILE_PREFIX_HEADER = YES;
				GCC_PREFIX_HEADER = "unitTestDemo/unitTestDemo-Prefix.pch";
				INFOPLIST_FILE = "unitTestDemoTests/unitTestDemoTests-Info.plist";
				PRODUCT_NAME = "$(TARGET_NAME)";
				TEST_HOST = "$(BUNDLE_LOADER)";
				WRAPPER_EXTENSION = xctest;
			};
			name = Release;
		};
/* End XCBuildConfiguration section */

/* Begin XCConfigurationList section */
		F6D986BF19CCAF2000D4E306 /* Build configuration list for PBXProject "unitTestDemo" */ = {
			isa = XCConfigurationList;
			buildConfigurations = (
				F6D986F419CCAF2000D4E306 /* Debug */,
				F6D986F519CCAF2000D4E306 /* Release */,
			);
			defaultConfigurationIsVisible = 0;
			defaultConfigurationName = Release;
		};
		F6D986F619CCAF2000D4E306 /* Build configuration list for PBXNativeTarget "unitTestDemo" */ = {
			isa = XCConfigurationList;
			buildConfigurations = (
				F6D986F719CCAF2000D4E306 /* Debug */,
				F6D986F819CCAF2000D4E306 /* Release */,
			);
			defaultConfigurationIsVisible = 0;
		};
		F6D986F919CCAF2000D4E306 /* Build configuration list for PBXNativeTarget "unitTestDemoTests" */ = {
			isa = XCConfigurationList;
			buildConfigurations = (
				F6D986FA19CCAF2000D4E306 /* Debug */,
				F6D986FB19CCAF2000D4E306 /* Release */,
			);
			defaultConfigurationIsVisible = 0;
		};
/* End XCConfigurationList section */
	};
	rootObject = F6D986BC19CCAF2000D4E306 /* Project object */;
}
